<Solution>
  <Configurations>
    <Platform Name="Any CPU" />
    <Platform Name="x64" />
    <Platform Name="x86" />
  </Configurations>
  <Folder Name="/Config/">
    <File Path="Directory.Build.props" />
    <File Path="Directory.Packages.props" />
    <File Path="NuGet.config" />
    <File Path="global.json" />
  </Folder>
  <Folder Name="/Config/benchmarks/">
    <File Path="benchmarks/Directory.Build.props" />
  </Folder>
  <Folder Name="/Config/eng/">
    <File Path="eng/Directory.Build.props" />
  </Folder>
  <Folder Name="/Config/eng/package-consumer/">
    <File Path="eng/package-consumer/Directory.Build.props" />
  </Folder>
  <Folder Name="/Config/samples/">
    <File Path="samples/Directory.Build.props" />
  </Folder>
  <Folder Name="/Config/src/">
    <File Path="src/Directory.Build.props" />
  </Folder>
  <Folder Name="/Config/tests/">
    <File Path="tests/Directory.Build.props" />
  </Folder>
  <Folder Name="/eng/package-consumer/MySQL-MariaDB/">
    <Project Path="eng/package-consumer/MySql/Doka.EntityFrameworkCore.SafeMigrations.MySql.PackageConsumer.csproj" />
  </Folder>
  <Folder Name="/eng/package-consumer/PostgreSQL/">
    <Project Path="eng/package-consumer/PostgreSql/Doka.EntityFrameworkCore.SafeMigrations.PostgreSql.PackageConsumer.csproj" />
  </Folder>
  <Folder Name="/benchmarks/Core/">
    <Project Path="benchmarks/Doka.EntityFrameworkCore.SafeMigrations.Benchmarks/Doka.EntityFrameworkCore.SafeMigrations.Benchmarks.csproj" />
  </Folder>
  <Folder Name="/benchmarks/MySQL-MariaDB/">
    <Project Path="benchmarks/Doka.EntityFrameworkCore.SafeMigrations.MySql.Benchmarks/Doka.EntityFrameworkCore.SafeMigrations.MySql.Benchmarks.csproj" />
  </Folder>
  <Folder Name="/benchmarks/PostgreSQL/">
    <Project Path="benchmarks/Doka.EntityFrameworkCore.SafeMigrations.PostgreSql.Benchmarks/Doka.EntityFrameworkCore.SafeMigrations.PostgreSql.Benchmarks.csproj" />
  </Folder>
  <Folder Name="/samples/CrossProvider/">
    <Project Path="samples/Doka.EntityFrameworkCore.SafeMigrations.Sample/Doka.EntityFrameworkCore.SafeMigrations.Sample.csproj" />
  </Folder>
  <Folder Name="/src/Core/">
    <Project Path="src/Doka.EntityFrameworkCore.SafeMigrations/Doka.EntityFrameworkCore.SafeMigrations.csproj" />
  </Folder>
  <Folder Name="/src/MySQL-MariaDB/">
    <Project Path="src/Doka.EntityFrameworkCore.SafeMigrations.MySql/Doka.EntityFrameworkCore.SafeMigrations.MySql.csproj" />
  </Folder>
  <Folder Name="/src/PostgreSQL/">
    <Project Path="src/Doka.EntityFrameworkCore.SafeMigrations.PostgreSql/Doka.EntityFrameworkCore.SafeMigrations.PostgreSql.csproj" />
  </Folder>
  <Folder Name="/tests/Core/">
    <Project Path="tests/Doka.EntityFrameworkCore.SafeMigrations.Tests/Doka.EntityFrameworkCore.SafeMigrations.Tests.csproj" />
  </Folder>
  <Folder Name="/tests/MySQL-MariaDB/">
    <Project Path="tests/Doka.EntityFrameworkCore.SafeMigrations.MySql.Tests/Doka.EntityFrameworkCore.SafeMigrations.MySql.Tests.csproj" />
  </Folder>
  <Folder Name="/tests/PostgreSQL/">
    <Project Path="tests/Doka.EntityFrameworkCore.SafeMigrations.PostgreSql.Tests/Doka.EntityFrameworkCore.SafeMigrations.PostgreSql.Tests.csproj" />
  </Folder>
</Solution>
